
Microsoft Visual Studio Solution File, Format Version 12.00
# Visual Studio Version 16
VisualStudioVersion = 16.0.29306.81
MinimumVisualStudioVersion = 10.0.40219.1
Project("{FAE04EC0-301F-11D3-BF4B-00C04F79EFBC}") = "MojaProdaja", "MojaProdaja\MojaProdaja.csproj", "{E4460FA2-A710-4236-9B4B-4D1D9361ABF6}"
EndProject
Global
	GlobalSection(SolutionConfigurationPlatforms) = preSolution
		Debug|Any CPU = Debug|Any CPU
		Release|Any CPU = Release|Any CPU
	EndGlobalSection
	GlobalSection(ProjectConfigurationPlatforms) = postSolution
		{E4460FA2-A710-4236-9B4B-4D1D9361ABF6}.Debug|Any CPU.ActiveCfg = Debug|Any CPU
		{E4460FA2-A710-4236-9B4B-4D1D9361ABF6}.Debug|Any CPU.Build.0 = Debug|Any CPU
		{E4460FA2-A710-4236-9B4B-4D1D9361ABF6}.Release|Any CPU.ActiveCfg = Release|Any CPU
		{E4460FA2-A710-4236-9B4B-4D1D9361ABF6}.Release|Any CPU.Build.0 = Release|Any CPU
	EndGlobalSection
	GlobalSection(SolutionProperties) = preSolution
		HideSolutionNode = FALSE
	EndGlobalSection
	GlobalSection(ExtensibilityGlobals) = postSolution
		SolutionGuid = {32F33269-EE47-421F-A431-658808B8E270}
	EndGlobalSection
EndGlobal
